
Microsoft Visual Studio Solution File, Format Version 12.00
# Visual Studio Version 17
VisualStudioVersion = 17.10.35027.167
MinimumVisualStudioVersion = 10.0.40219.1
Project("{FAE04EC0-301F-11D3-BF4B-00C04F79EFBC}") = "rest-api-dotnet", "rest-api-dotnet\rest-api-dotnet.csproj", "{E165F8DC-6E0F-45DA-95DB-B4112FD7448D}"
EndProject
Global
	GlobalSection(SolutionConfigurationPlatforms) = preSolution
		Debug|Any CPU = Debug|Any CPU
		Release|Any CPU = Release|Any CPU
	EndGlobalSection
	GlobalSection(ProjectConfigurationPlatforms) = postSolution
		{E165F8DC-6E0F-45DA-95DB-B4112FD7448D}.Debug|Any CPU.ActiveCfg = Debug|Any CPU
		{E165F8DC-6E0F-45DA-95DB-B4112FD7448D}.Debug|Any CPU.Build.0 = Debug|Any CPU
		{E165F8DC-6E0F-45DA-95DB-B4112FD7448D}.Release|Any CPU.ActiveCfg = Release|Any CPU
		{E165F8DC-6E0F-45DA-95DB-B4112FD7448D}.Release|Any CPU.Build.0 = Release|Any CPU
	EndGlobalSection
	GlobalSection(SolutionProperties) = preSolution
		HideSolutionNode = FALSE
	EndGlobalSection
	GlobalSection(ExtensibilityGlobals) = postSolution
		SolutionGuid = {DF1350E6-1812-40B9-B926-ADF883B7E445}
	EndGlobalSection
EndGlobal
